# THIS IS AN AUTOGENERATED FILE. DO NOT EDIT THIS FILE DIRECTLY.
# yarn lockfile v1


"@babel/parser@^7.16.4":
  version "7.20.5"
  resolved "https://registry.npmmirror.com/@babel/parser/-/parser-7.20.5.tgz#7f3c7335fe417665d929f34ae5dceae4c04015e8"
  integrity sha512-r27t/cy/m9uKLXQNWWebeCUHgnAZq0CpG1OwKRxzJMP1vpSU4bSIK2hq+/cp0bQxetkXx38n09rNu8jVkcK/zA==

"@vitejs/plugin-vue@1.2.2":
  version "1.2.2"
  resolved "https://registry.npmmirror.com/@vitejs/plugin-vue/-/plugin-vue-1.2.2.tgz#b0038fc11b9099f4cd01fcbf0ee419adda417b52"
  integrity sha512-5BI2WFfs/Z0pAV4S/IQf1oH3bmFYlL5ATMBHgTt1Lf7hAnfpNd5oUAAs6hZPfk3QhvyUQgtk0rJBlabwNFcBJQ==

"@vue/compiler-core@3.2.25":
  version "3.2.25"
  resolved "https://registry.npmmirror.com/@vue/compiler-core/-/compiler-core-3.2.25.tgz#3fa88debc97a89a513e1d9b771e0802b9a006734"
  integrity sha512-FlffKezIqztTCTyG0klkYRwhdyL6b1PTTCIerPb4p2R9qQaczccTX5g9ysi9w6tpLQ48a1WiXnFDJhWD7XoqwA==
  dependencies:
    "@babel/parser" "^7.16.4"
    "@vue/shared" "3.2.25"
    estree-walker "^2.0.2"
    source-map "^0.6.1"

"@vue/compiler-dom@3.2.25":
  version "3.2.25"
  resolved "https://registry.npmmirror.com/@vue/compiler-dom/-/compiler-dom-3.2.25.tgz#b1a3b1ef057aeacea5ee00f7b20dc3edb8bd1ed2"
  integrity sha512-4JrburkRg4VWbc8AKpzKFWbNY4MDXshqjFl53+vINq7zaw3Z7aSqnLv0EkKh8B8ynf/MYsAdygGutyVbEWYxOw==
  dependencies:
    "@vue/compiler-core" "3.2.25"
    "@vue/shared" "3.2.25"

"@vue/compiler-sfc@3.2.25":
  version "3.2.25"
  resolved "https://registry.npmmirror.com/@vue/compiler-sfc/-/compiler-sfc-3.2.25.tgz#6a5ae9e3c8db6a462d0bada53364108c9ba8f379"
  integrity sha512-PminuOYIcFI7UZn+mdy2OPbogyAb0IHkVuqwmLDJiSRFhc/QAXQnO9KdS4nez3bQ9XlQmoAveQzcZuekHzdb5w==
  dependencies:
    "@babel/parser" "^7.16.4"
    "@vue/compiler-core" "3.2.25"
    "@vue/compiler-dom" "3.2.25"
    "@vue/compiler-ssr" "3.2.25"
    "@vue/reactivity-transform" "3.2.25"
    "@vue/shared" "3.2.25"
    estree-walker "^2.0.2"
    magic-string "^0.25.7"
    postcss "^8.1.10"
    source-map "^0.6.1"

"@vue/compiler-ssr@3.2.25":
  version "3.2.25"
  resolved "https://registry.npmmirror.com/@vue/compiler-ssr/-/compiler-ssr-3.2.25.tgz#aa0ceb4dc46326ca839b90b572e0309fae6f367a"
  integrity sha512-+BAl8U5D3JkGR6086PFx1BQQ5km3z9fT88hy/7lzf8i3vEDdPQodadnX2t6tndFjIux05MEKg43DeocOojT0mw==
  dependencies:
    "@vue/compiler-dom" "3.2.25"
    "@vue/shared" "3.2.25"

"@vue/reactivity-transform@3.2.25":
  version "3.2.25"
  resolved "https://registry.npmmirror.com/@vue/reactivity-transform/-/reactivity-transform-3.2.25.tgz#d211fd14bb677345ac9921d9e65976d80d67a742"
  integrity sha512-fOiW67PUalicMfMr4Sc9l8mUtkN7ZD+G1/zJV8blzQ8GEZSeRcJm11gqve6Ps623ju5YORu7V/Q1gZoOJ9WO4g==
  dependencies:
    "@babel/parser" "^7.16.4"
    "@vue/compiler-core" "3.2.25"
    "@vue/shared" "3.2.25"
    estree-walker "^2.0.2"
    magic-string "^0.25.7"

"@vue/reactivity@3.2.25":
  version "3.2.25"
  resolved "https://registry.npmmirror.com/@vue/reactivity/-/reactivity-3.2.25.tgz#71c5ea9f3c7b71ee40085328c9198a1dc26da71f"
  integrity sha512-Dxc/u/dxoneIDqyfmuwPVBR0G3OQJqe3Dtz4z3NGt+CGj4UuOZQfN5raJPmp6xGYgrtC6PAWoCgHhyrgr1qCtg==
  dependencies:
    "@vue/shared" "3.2.25"

"@vue/runtime-core@3.2.25":
  version "3.2.25"
  resolved "https://registry.npmmirror.com/@vue/runtime-core/-/runtime-core-3.2.25.tgz#9a2087239d0b1d9dec6532cb801a2a95e1019b73"
  integrity sha512-2+fo5+lofT4xr8W2rtjyz+AM+UB1U/UNLH6ISFdHWNWuveSWxF+vkCQaATmhp6O3XA7QJAbHoRqIZor20EWSfQ==
  dependencies:
    "@vue/reactivity" "3.2.25"
    "@vue/shared" "3.2.25"

"@vue/runtime-dom@3.2.25":
  version "3.2.25"
  resolved "https://registry.npmmirror.com/@vue/runtime-dom/-/runtime-dom-3.2.25.tgz#3c0812faa1374ab6d03bd5006ef478f2c414bf74"
  integrity sha512-3gGeyHnygn4yG6bssRKhQIxnE8vgB8FtYUUwoYoA/Pm0vZ+bGPoZax4TbtZD9eW9rvs8CY8boNp4t/sJaPJrRQ==
  dependencies:
    "@vue/runtime-core" "3.2.25"
    "@vue/shared" "3.2.25"
    csstype "^2.6.8"

"@vue/server-renderer@3.2.25":
  version "3.2.25"
  resolved "https://registry.npmmirror.com/@vue/server-renderer/-/server-renderer-3.2.25.tgz#c0853ade8fae115b5a44cab7d78d46bd5793befb"
  integrity sha512-qFRmcyeyyhWbnTPn6cbCZ4bjeuPLSkUpFa98p4LEJtFBFbxjGnrHXHOjYxCY3Lznmxe0kMM3qG4t3GnjcXP12w==
  dependencies:
    "@vue/compiler-ssr" "3.2.25"
    "@vue/shared" "3.2.25"

"@vue/shared@3.2.25":
  version "3.2.25"
  resolved "https://registry.npmmirror.com/@vue/shared/-/shared-3.2.25.tgz#22818aa3638e15c0ff9fc8042d935e4b42ae3c0f"
  integrity sha512-DkHJFV2gw9WBRmUCa21eyG0WvlF0l1QFOgTkWj29O4mt2Tv3BSE5PQOKhUruZIym4bBYCqx9ZGtoD1WohDprow==

axios@0.21.1:
  version "0.21.1"
  resolved "https://registry.npmmirror.com/axios/-/axios-0.21.1.tgz#22563481962f4d6bde9a76d516ef0e5d3c09b2b8"
  integrity sha512-dKQiRHxGD9PPRIUNIWvZhPTPpl1rf/OxTYKsqKUDjBwYylTvV7SjSHJb9ratfyzM6wCdLCOYLzs73qpg5c4iGA==
  dependencies:
    follow-redirects "^1.10.0"

call-bind@^1.0.0:
  version "1.0.2"
  resolved "https://registry.npmmirror.com/call-bind/-/call-bind-1.0.2.tgz#b1d4e89e688119c3c9a903ad30abb2f6a919be3c"
  integrity sha512-7O+FbCihrB5WGbFYesctwmTKae6rOiIzmz1icreWJ+0aA7LJfuqhEso2T9ncpcFtzMQtzXf2QGGueWJGTYsqrA==
  dependencies:
    function-bind "^1.1.1"
    get-intrinsic "^1.0.2"

commander@*:
  version "9.4.1"
  resolved "https://registry.npmmirror.com/commander/-/commander-9.4.1.tgz#d1dd8f2ce6faf93147295c0df13c7c21141cfbdd"
  integrity sha512-5EEkTNyHNGFPD2H+c/dXXfQZYa/scCKasxWcXJaWnNJ99pnQN9Vnmqow+p+PlFPE63Q6mThaZws1T+HxfpgtPw==

copy-anything@^2.0.1:
  version "2.0.6"
  resolved "https://registry.npmmirror.com/copy-anything/-/copy-anything-2.0.6.tgz#092454ea9584a7b7ad5573062b2a87f5900fc480"
  integrity sha512-1j20GZTsvKNkc4BY3NpMOM8tt///wY3FpIzozTOFO2ffuZcV61nojHXVKIy3WM+7ADCy5FVhdZYHYDdgTU0yJw==
  dependencies:
    is-what "^3.14.1"

csstype@^2.6.8:
  version "2.6.21"
  resolved "https://registry.npmmirror.com/csstype/-/csstype-2.6.21.tgz#2efb85b7cc55c80017c66a5ad7cbd931fda3a90e"
  integrity sha512-Z1PhmomIfypOpoMjRQB70jfvy/wxT50qW08YXO5lMIJkrdq4yOTR+AW7FqutScmB9NkLwxo+jU+kZLbofZZq/w==

debug@^3.2.6:
  version "3.2.7"
  resolved "https://registry.npmmirror.com/debug/-/debug-3.2.7.tgz#72580b7e9145fb39b6676f9c5e5fb100b934179a"
  integrity sha512-CFjzYYAi4ThfiQvizrFQevTTXHtnCqWfe7x1AhgEscTz6ZbLbfoLRLPugTQyBth6f8ZERVUSyWHFD/7Wu4t1XQ==
  dependencies:
    ms "^2.1.1"

errno@^0.1.1:
  version "0.1.8"
  resolved "https://registry.npmmirror.com/errno/-/errno-0.1.8.tgz#8bb3e9c7d463be4976ff888f76b4809ebc2e811f"
  integrity sha512-dJ6oBr5SQ1VSd9qkk7ByRgb/1SH4JZjCHSW/mr63/QcXO9zLVxvJ6Oy13nio03rxpSnVDDjFor75SjVeZWPW/A==
  dependencies:
    prr "~1.0.1"

esbuild@^0.12.17:
  version "0.12.29"
  resolved "https://registry.npmmirror.com/esbuild/-/esbuild-0.12.29.tgz#be602db7c4dc78944a9dbde0d1ea19d36c1f882d"
  integrity sha512-w/XuoBCSwepyiZtIRsKsetiLDUVGPVw1E/R3VTFSecIy8UR7Cq3SOtwKHJMFoVqqVG36aGkzh4e8BvpO1Fdc7g==

estree-walker@^2.0.2:
  version "2.0.2"
  resolved "https://registry.npmmirror.com/estree-walker/-/estree-walker-2.0.2.tgz#52f010178c2a4c117a7757cfe942adb7d2da4cac"
  integrity sha512-Rfkk/Mp/DL7JVje3u18FxFujQlTNR2q6QfMSMB7AvCBx91NGj/ba3kCfza0f6dVDbw7YlRf/nDrn7pQrCCyQ/w==

follow-redirects@^1.10.0:
  version "1.15.2"
  resolved "https://registry.npmmirror.com/follow-redirects/-/follow-redirects-1.15.2.tgz#b460864144ba63f2681096f274c4e57026da2c13"
  integrity sha512-VQLG33o04KaQ8uYi2tVNbdrWp1QWxNNea+nmIB4EVM28v0hmP17z7aG1+wAkNzVq4KeXTq3221ye5qTJP91JwA==

fsevents@~2.3.2:
  version "2.3.2"
  resolved "https://registry.npmmirror.com/fsevents/-/fsevents-2.3.2.tgz#8a526f78b8fdf4623b709e0b975c52c24c02fd1a"
  integrity sha512-xiqMQR4xAeHTuB9uWm+fFRcIOgKBMiOBP+eXiyT7jsgVCq1bkVygt00oASowB7EdtpOHaaPgKt812P9ab+DDKA==

function-bind@^1.1.1:
  version "1.1.1"
  resolved "https://registry.npmmirror.com/function-bind/-/function-bind-1.1.1.tgz#a56899d3ea3c9bab874bb9773b7c5ede92f4895d"
  integrity sha512-yIovAzMX49sF8Yl58fSCWJ5svSLuaibPxXQJFLmBObTuCr0Mf1KiPopGM9NiFjiYBCbfaa2Fh6breQ6ANVTI0A==

get-intrinsic@^1.0.2:
  version "1.1.3"
  resolved "https://registry.npmmirror.com/get-intrinsic/-/get-intrinsic-1.1.3.tgz#063c84329ad93e83893c7f4f243ef63ffa351385"
  integrity sha512-QJVz1Tj7MS099PevUG5jvnt9tSkXN8K14dxQlikJuPt4uD9hHAHjLyLBiLR5zELelBdD9QNRAXZzsJx0WaDL9A==
  dependencies:
    function-bind "^1.1.1"
    has "^1.0.3"
    has-symbols "^1.0.3"

graceful-fs@^4.1.2:
  version "4.2.10"
  resolved "https://registry.npmmirror.com/graceful-fs/-/graceful-fs-4.2.10.tgz#147d3a006da4ca3ce14728c7aefc287c367d7a6c"
  integrity sha512-9ByhssR2fPVsNZj478qUUbKfmL0+t5BDVyjShtyZZLiK7ZDAArFFfopyOTj0M05wE2tJPisA4iTnnXl2YoPvOA==

has-symbols@^1.0.3:
  version "1.0.3"
  resolved "https://registry.npmmirror.com/has-symbols/-/has-symbols-1.0.3.tgz#bb7b2c4349251dce87b125f7bdf874aa7c8b39f8"
  integrity sha512-l3LCuF6MgDNwTDKkdYGEihYjt5pRPbEg46rtlmnSPlUbgmB8LOIrKJbYYFBSbnPaJexMKtiPO8hmeRjRz2Td+A==

has@^1.0.3:
  version "1.0.3"
  resolved "https://registry.npmmirror.com/has/-/has-1.0.3.tgz#722d7cbfc1f6aa8241f16dd814e011e1f41e8796"
  integrity sha512-f2dvO0VU6Oej7RkWJGrehjbzMAjFp5/VKPp5tTpWIV4JHHZK1/BxbFRtf/siA2SWTe09caDmVtYYzWEIbBS4zw==
  dependencies:
    function-bind "^1.1.1"

https@1.0.0:
  version "1.0.0"
  resolved "https://registry.npmmirror.com/https/-/https-1.0.0.tgz#3c37c7ae1a8eeb966904a2ad1e975a194b7ed3a4"
  integrity sha512-4EC57ddXrkaF0x83Oj8sM6SLQHAWXw90Skqu2M4AEWENZ3F02dFJE/GARA8igO79tcgYqGrD7ae4f5L3um2lgg==

iconv-lite@^0.4.4:
  version "0.4.24"
  resolved "https://registry.npmmirror.com/iconv-lite/-/iconv-lite-0.4.24.tgz#2022b4b25fbddc21d2f524974a474aafe733908b"
  integrity sha512-v3MXnZAcvnywkTUEZomIActle7RXXeedOR31wwl7VlyoXO4Qi9arvSenNQWne1TcRwhCL1HwLI21bEqdpj8/rA==
  dependencies:
    safer-buffer ">= 2.1.2 < 3"

image-size@~0.5.0:
  version "0.5.5"
  resolved "https://registry.npmmirror.com/image-size/-/image-size-0.5.5.tgz#09dfd4ab9d20e29eb1c3e80b8990378df9e3cb9c"
  integrity sha512-6TDAlDPZxUFCv+fuOkIoXT/V/f3Qbq8e37p+YOiYrUv3v9cc3/6x78VdfPgFVaB9dZYeLUfKgHRebpkm/oP2VQ==

is-core-module@^2.9.0:
  version "2.11.0"
  resolved "https://registry.npmmirror.com/is-core-module/-/is-core-module-2.11.0.tgz#ad4cb3e3863e814523c96f3f58d26cc570ff0144"
  integrity sha512-RRjxlvLDkD1YJwDbroBHMb+cukurkDWNyHx7D3oNB5x9rb5ogcksMC5wHCadcXoo67gVr/+3GFySh3134zi6rw==
  dependencies:
    has "^1.0.3"

is-what@^3.14.1:
  version "3.14.1"
  resolved "https://registry.npmmirror.com/is-what/-/is-what-3.14.1.tgz#e1222f46ddda85dead0fd1c9df131760e77755c1"
  integrity sha512-sNxgpk9793nzSs7bA6JQJGeIuRBQhAaNGG77kzYQgMkrID+lS6SlK07K5LaptscDlSaIgH+GPFzf+d75FVxozA==

klona@^2.0.4:
  version "2.0.5"
  resolved "https://registry.npmmirror.com/klona/-/klona-2.0.5.tgz#d166574d90076395d9963aa7a928fabb8d76afbc"
  integrity sha512-pJiBpiXMbt7dkzXe8Ghj/u4FfXOOa98fPW+bihOJ4SjnoijweJrNThJfd3ifXpXhREjpoF2mZVH1GfS9LV3kHQ==

less-loader@10.0.1:
  version "10.0.1"
  resolved "https://registry.npmmirror.com/less-loader/-/less-loader-10.0.1.tgz#c05aaba68d00400820275f21c2ad87cb9fa9923f"
  integrity sha512-Crln//HpW9M5CbtdfWm3IO66Cvx1WhZQvNybXgfB2dD/6Sav9ppw+IWqs/FQKPBFO4B6X0X28Z0WNznshgwUzA==
  dependencies:
    klona "^2.0.4"

less@4.1.1:
  version "4.1.1"
  resolved "https://registry.npmmirror.com/less/-/less-4.1.1.tgz#15bf253a9939791dc690888c3ff424f3e6c7edba"
  integrity sha512-w09o8tZFPThBscl5d0Ggp3RcrKIouBoQscnOMgFH3n5V3kN/CXGHNfCkRPtxJk6nKryDXaV9aHLK55RXuH4sAw==
  dependencies:
    copy-anything "^2.0.1"
    parse-node-version "^1.0.1"
    tslib "^1.10.0"
  optionalDependencies:
    errno "^0.1.1"
    graceful-fs "^4.1.2"
    image-size "~0.5.0"
    make-dir "^2.1.0"
    mime "^1.4.1"
    needle "^2.5.2"
    source-map "~0.6.0"

magic-string@^0.25.7:
  version "0.25.9"
  resolved "https://registry.npmmirror.com/magic-string/-/magic-string-0.25.9.tgz#de7f9faf91ef8a1c91d02c2e5314c8277dbcdd1c"
  integrity sha512-RmF0AsMzgt25qzqqLc1+MbHmhdx0ojF2Fvs4XnOqz2ZOBXzzkEwc/dJQZCYHAn7v1jbVOjAZfK8msRn4BxO4VQ==
  dependencies:
    sourcemap-codec "^1.4.8"

make-dir@^2.1.0:
  version "2.1.0"
  resolved "https://registry.npmmirror.com/make-dir/-/make-dir-2.1.0.tgz#5f0310e18b8be898cc07009295a30ae41e91e6f5"
  integrity sha512-LS9X+dc8KLxXCb8dni79fLIIUA5VyZoyjSMCwTluaXA0o27cCK0bhXkpgw+sTXVpPy/lSO57ilRixqk0vDmtRA==
  dependencies:
    pify "^4.0.1"
    semver "^5.6.0"

mime@^1.4.1:
  version "1.6.0"
  resolved "https://registry.npmmirror.com/mime/-/mime-1.6.0.tgz#32cd9e5c64553bd58d19a568af452acff04981b1"
  integrity sha512-x0Vn8spI+wuJ1O6S7gnbaQg8Pxh4NNHb7KSINmEWKiPE4RKOplvijn+NkmYmmRgP68mc70j2EbeTFRsrswaQeg==

mockjs@^1.1.0:
  version "1.1.0"
  resolved "https://registry.npmmirror.com/mockjs/-/mockjs-1.1.0.tgz#e6a0c378e91906dbaff20911cc0273b3c7d75b06"
  integrity sha512-eQsKcWzIaZzEZ07NuEyO4Nw65g0hdWAyurVol1IPl1gahRwY+svqzfgfey8U8dahLwG44d6/RwEzuK52rSa/JQ==
  dependencies:
    commander "*"

ms@^2.1.1:
  version "2.1.3"
  resolved "https://registry.npmmirror.com/ms/-/ms-2.1.3.tgz#574c8138ce1d2b5861f0b44579dbadd60c6615b2"
  integrity sha512-6FlzubTLZG3J2a/NVCAleEhjzq5oxgHyaCU9yYXvcLsvoVaHJq/s5xXI6/XXP6tz7R9xAOtHnSO/tXtF3WRTlA==

nanoid@^3.3.4:
  version "3.3.4"
  resolved "https://registry.npmmirror.com/nanoid/-/nanoid-3.3.4.tgz#730b67e3cd09e2deacf03c027c81c9d9dbc5e8ab"
  integrity sha512-MqBkQh/OHTS2egovRtLk45wEyNXwF+cokD+1YPf9u5VfJiRdAiRwB2froX5Co9Rh20xs4siNPm8naNotSD6RBw==

needle@^2.5.2:
  version "2.9.1"
  resolved "https://registry.npmmirror.com/needle/-/needle-2.9.1.tgz#22d1dffbe3490c2b83e301f7709b6736cd8f2684"
  integrity sha512-6R9fqJ5Zcmf+uYaFgdIHmLwNldn5HbK8L5ybn7Uz+ylX/rnOsSp1AHcvQSrCaFN+qNM1wpymHqD7mVasEOlHGQ==
  dependencies:
    debug "^3.2.6"
    iconv-lite "^0.4.4"
    sax "^1.2.4"

object-inspect@^1.9.0:
  version "1.12.2"
  resolved "https://registry.npmmirror.com/object-inspect/-/object-inspect-1.12.2.tgz#c0641f26394532f28ab8d796ab954e43c009a8ea"
  integrity sha512-z+cPxW0QGUp0mcqcsgQyLVRDoXFQbXOwBaqyF7VIgI4TWNQsDHrBpUQslRmIfAoYWdYzs6UlKJtB2XJpTaNSpQ==

parse-node-version@^1.0.1:
  version "1.0.1"
  resolved "https://registry.npmmirror.com/parse-node-version/-/parse-node-version-1.0.1.tgz#e2b5dbede00e7fa9bc363607f53327e8b073189b"
  integrity sha512-3YHlOa/JgH6Mnpr05jP9eDG254US9ek25LyIxZlDItp2iJtwyaXQb57lBYLdT3MowkUFYEV2XXNAYIPlESvJlA==

path-parse@^1.0.7:
  version "1.0.7"
  resolved "https://registry.npmmirror.com/path-parse/-/path-parse-1.0.7.tgz#fbc114b60ca42b30d9daf5858e4bd68bbedb6735"
  integrity sha512-LDJzPVEEEPR+y48z93A0Ed0yXb8pAByGWo/k5YYdYgpY2/2EsOsksJrq7lOHxryrVOn1ejG6oAp8ahvOIQD8sw==

picocolors@^1.0.0:
  version "1.0.0"
  resolved "https://registry.npmmirror.com/picocolors/-/picocolors-1.0.0.tgz#cb5bdc74ff3f51892236eaf79d68bc44564ab81c"
  integrity sha512-1fygroTLlHu66zi26VoTDv8yRgm0Fccecssto+MhsZ0D/DGW2sm8E8AjW7NU5VVTRt5GxbeZ5qBuJr+HyLYkjQ==

pify@^4.0.1:
  version "4.0.1"
  resolved "https://registry.npmmirror.com/pify/-/pify-4.0.1.tgz#4b2cd25c50d598735c50292224fd8c6df41e3231"
  integrity sha512-uB80kBFb/tfd68bVleG9T5GGsGPjJrLAUpR5PZIrhBnIaRTQRjqdJSsIKkOP6OAIFbj7GOrcudc5pNjZ+geV2g==

postcss@^8.1.10, postcss@^8.3.6:
  version "8.4.19"
  resolved "https://registry.npmmirror.com/postcss/-/postcss-8.4.19.tgz#61178e2add236b17351897c8bcc0b4c8ecab56fc"
  integrity sha512-h+pbPsyhlYj6N2ozBmHhHrs9DzGmbaarbLvWipMRO7RLS+v4onj26MPFXA5OBYFxyqYhUJK456SwDcY9H2/zsA==
  dependencies:
    nanoid "^3.3.4"
    picocolors "^1.0.0"
    source-map-js "^1.0.2"

prr@~1.0.1:
  version "1.0.1"
  resolved "https://registry.npmmirror.com/prr/-/prr-1.0.1.tgz#d3fc114ba06995a45ec6893f484ceb1d78f5f476"
  integrity sha512-yPw4Sng1gWghHQWj0B3ZggWUm4qVbPwPFcRG8KyxiU7J2OHFSoEHKS+EZ3fv5l1t9CyCiop6l/ZYeWbrgoQejw==

qs@6.10.1:
  version "6.10.1"
  resolved "https://registry.npmmirror.com/qs/-/qs-6.10.1.tgz#4931482fa8d647a5aab799c5271d2133b981fb6a"
  integrity sha512-M528Hph6wsSVOBiYUnGf+K/7w0hNshs/duGsNXPUCLH5XAqjEtiPGwNONLV0tBH8NoGb0mvD5JubnUTrujKDTg==
  dependencies:
    side-channel "^1.0.4"

resolve@^1.20.0:
  version "1.22.1"
  resolved "https://registry.npmmirror.com/resolve/-/resolve-1.22.1.tgz#27cb2ebb53f91abb49470a928bba7558066ac177"
  integrity sha512-nBpuuYuY5jFsli/JIs1oldw6fOQCBioohqWZg/2hiaOybXOft4lonv85uDOKXdf8rhyK159cxU5cDcK/NKk8zw==
  dependencies:
    is-core-module "^2.9.0"
    path-parse "^1.0.7"
    supports-preserve-symlinks-flag "^1.0.0"

rollup@^2.38.5:
  version "2.79.1"
  resolved "https://registry.npmmirror.com/rollup/-/rollup-2.79.1.tgz#bedee8faef7c9f93a2647ac0108748f497f081c7"
  integrity sha512-uKxbd0IhMZOhjAiD5oAFp7BqvkA4Dv47qpOCtaNvng4HBwdbWtdOh8f5nZNuk2rp51PMGk3bzfWu5oayNEuYnw==
  optionalDependencies:
    fsevents "~2.3.2"

"safer-buffer@>= 2.1.2 < 3":
  version "2.1.2"
  resolved "https://registry.npmmirror.com/safer-buffer/-/safer-buffer-2.1.2.tgz#44fa161b0187b9549dd84bb91802f9bd8385cd6a"
  integrity sha512-YZo3K82SD7Riyi0E1EQPojLz7kpepnSQI9IyPbHHg1XXXevb5dJI7tpyN2ADxGcQbHG7vcyRHk0cbwqcQriUtg==

sax@^1.2.4:
  version "1.2.4"
  resolved "https://registry.npmmirror.com/sax/-/sax-1.2.4.tgz#2816234e2378bddc4e5354fab5caa895df7100d9"
  integrity sha512-NqVDv9TpANUjFm0N8uM5GxL36UgKi9/atZw+x7YFnQ8ckwFGKrl4xX4yWtrey3UJm5nP1kUbnYgLopqWNSRhWw==

semver@^5.6.0:
  version "5.7.1"
  resolved "https://registry.npmmirror.com/semver/-/semver-5.7.1.tgz#a954f931aeba508d307bbf069eff0c01c96116f7"
  integrity sha512-sauaDf/PZdVgrLTNYHRtpXa1iRiKcaebiKQ1BJdpQlWH2lCvexQdX55snPFyK7QzpudqbCI0qXFfOasHdyNDGQ==

side-channel@^1.0.4:
  version "1.0.4"
  resolved "https://registry.npmmirror.com/side-channel/-/side-channel-1.0.4.tgz#efce5c8fdc104ee751b25c58d4290011fa5ea2cf"
  integrity sha512-q5XPytqFEIKHkGdiMIrY10mvLRvnQh42/+GoBlFW3b2LXLE2xxJpZFdm94we0BaoV3RwJyGqg5wS7epxTv0Zvw==
  dependencies:
    call-bind "^1.0.0"
    get-intrinsic "^1.0.2"
    object-inspect "^1.9.0"

source-map-js@^1.0.2:
  version "1.0.2"
  resolved "https://registry.npmmirror.com/source-map-js/-/source-map-js-1.0.2.tgz#adbc361d9c62df380125e7f161f71c826f1e490c"
  integrity sha512-R0XvVJ9WusLiqTCEiGCmICCMplcCkIwwR11mOSD9CR5u+IXYdiseeEuXCVAjS54zqwkLcPNnmU4OeJ6tUrWhDw==

source-map@^0.6.1, source-map@~0.6.0:
  version "0.6.1"
  resolved "https://registry.npmmirror.com/source-map/-/source-map-0.6.1.tgz#74722af32e9614e9c287a8d0bbde48b5e2f1a263"
  integrity sha512-UjgapumWlbMhkBgzT7Ykc5YXUT46F0iKu8SGXq0bcwP5dz/h0Plj6enJqjz1Zbq2l5WaqYnrVbwWOWMyF3F47g==

sourcemap-codec@^1.4.8:
  version "1.4.8"
  resolved "https://registry.npmmirror.com/sourcemap-codec/-/sourcemap-codec-1.4.8.tgz#ea804bd94857402e6992d05a38ef1ae35a9ab4c4"
  integrity sha512-9NykojV5Uih4lgo5So5dtw+f0JgJX30KCNI8gwhz2J9A15wD0Ml6tjHKwf6fTSa6fAdVBdZeNOs9eJ71qCk8vA==

supports-preserve-symlinks-flag@^1.0.0:
  version "1.0.0"
  resolved "https://registry.npmmirror.com/supports-preserve-symlinks-flag/-/supports-preserve-symlinks-flag-1.0.0.tgz#6eda4bd344a3c94aea376d4cc31bc77311039e09"
  integrity sha512-ot0WnXS9fgdkgIcePe6RHNk1WA8+muPa6cSjeR3V8K27q9BB1rTE3R1p7Hv0z1ZyAc8s6Vvv8DIyWf681MAt0w==

tslib@^1.10.0:
  version "1.14.1"
  resolved "https://registry.npmmirror.com/tslib/-/tslib-1.14.1.tgz#cf2d38bdc34a134bcaf1091c41f6619e2f672d00"
  integrity sha512-Xni35NKzjgMrwevysHTCArtLDpPvye8zV/0E4EyYn43P7/7qvQwPh9BGkHewbMulVntbigmcT7rdX3BNo9wRJg==

vite@2.5.10:
  version "2.5.10"
  resolved "https://registry.npmmirror.com/vite/-/vite-2.5.10.tgz#c598e3b5a7e1956ffc52eb3b3420d177fc2ed2a5"
  integrity sha512-0ObiHTi5AHyXdJcvZ67HMsDgVpjT5RehvVKv6+Q0jFZ7zDI28PF5zK9mYz2avxdA+4iJMdwCz6wnGNnn4WX5Gg==
  dependencies:
    esbuild "^0.12.17"
    postcss "^8.3.6"
    resolve "^1.20.0"
    rollup "^2.38.5"
  optionalDependencies:
    fsevents "~2.3.2"

vue@3.2.25:
  version "3.2.25"
  resolved "https://registry.npmmirror.com/vue/-/vue-3.2.25.tgz#d271214000feeefb4a4ec1f3063f76fc1c701eb4"
  integrity sha512-jU3t7fyQDHoCWCqhmRrnSmYZvHC35tOJTP704di7HGfq5EcFA1cU/1ZPjUV1eCxJev65Khjyfni+vk9oa+eTtw==
  dependencies:
    "@vue/compiler-dom" "3.2.25"
    "@vue/compiler-sfc" "3.2.25"
    "@vue/runtime-dom" "3.2.25"
    "@vue/server-renderer" "3.2.25"
    "@vue/shared" "3.2.25"
